# This file is automatically @generated by Wally.
# It is not intended for manual editing.
registry = "test"

[[package]]
name = "red-blox/guard"
version = "1.0.1"
dependencies = []

[[package]]
name = "tazmondo/future"
version = "2.0.2"
dependencies = []

[[package]]
name = "tazmondo/tev"
version = "1.0.1"
dependencies = [["Future", "tazmondo/future@2.0.2"], ["Guard", "red-blox/guard@1.0.1"]]
